{
  "object": {
    "pins": [
      {
        "package": "swift-log",
        "repositoryURL": "https://github.com/apple/swift-log.git",
        "state": {
          "branch": null,
          "revision": "6fe203dc33195667ce1759bf0182975e4653ba1c",
          "version": "1.4.4"
        }
      },
      {
        "package": "swift-unified-log",
        "repositoryURL": "https://github.com/sinoru/swift-unified-log.git",
        "state": {
          "branch": null,
          "revision": "b1e3855af79774c80020f27e344e9acd58ca8e1a",
          "version": "2.1.0"
        }
      }
    ]
  },
  "version": 1
}
